
Microsoft Visual Studio Solution File, Format Version 12.00
# Visual Studio 14
VisualStudioVersion = 14.0.25420.1
MinimumVisualStudioVersion = 10.0.40219.1
Project("{FAE04EC0-301F-11D3-BF4B-00C04F79EFBC}") = "Csv", "Csv\Csv.csproj", "{499E2076-0E09-487E-BFAD-30242B9511BF}"
EndProject
Project("{FAE04EC0-301F-11D3-BF4B-00C04F79EFBC}") = "UnitTestProject1", "UnitTestProject1\UnitTestProject1.csproj", "{0902FC39-A623-4525-A4AE-1AC7437F1B87}"
EndProject
Project("{FAE04EC0-301F-11D3-BF4B-00C04F79EFBC}") = "FakeTireTree", "FakeTireTree\FakeTireTree.csproj", "{A43748F0-989F-47AB-99A6-2C048215A530}"
EndProject
Project("{FAE04EC0-301F-11D3-BF4B-00C04F79EFBC}") = "FillEverying", "FillEverying\FillEverying.csproj", "{7FD8A381-CB47-40F5-8FCE-1804D71E3BF7}"
EndProject
Project("{FAE04EC0-301F-11D3-BF4B-00C04F79EFBC}") = "Morse", "Morse\Morse.csproj", "{388C629F-3272-4425-8CA3-22967C1D8963}"
EndProject
Project("{FAE04EC0-301F-11D3-BF4B-00C04F79EFBC}") = "MorseTest", "MorseTest\MorseTest.csproj", "{47132288-12BA-4006-A1E0-41237CFF51C6}"
EndProject
Project("{FAE04EC0-301F-11D3-BF4B-00C04F79EFBC}") = "MakeUnique", "MakeUnique\MakeUnique.csproj", "{4887E3EF-6F00-4FCF-A6B0-B1C2CD3DC78C}"
EndProject
Global
	GlobalSection(SolutionConfigurationPlatforms) = preSolution
		Debug|Any CPU = Debug|Any CPU
		Release|Any CPU = Release|Any CPU
	EndGlobalSection
	GlobalSection(ProjectConfigurationPlatforms) = postSolution
		{499E2076-0E09-487E-BFAD-30242B9511BF}.Debug|Any CPU.ActiveCfg = Debug|Any CPU
		{499E2076-0E09-487E-BFAD-30242B9511BF}.Debug|Any CPU.Build.0 = Debug|Any CPU
		{499E2076-0E09-487E-BFAD-30242B9511BF}.Release|Any CPU.ActiveCfg = Release|Any CPU
		{499E2076-0E09-487E-BFAD-30242B9511BF}.Release|Any CPU.Build.0 = Release|Any CPU
		{0902FC39-A623-4525-A4AE-1AC7437F1B87}.Debug|Any CPU.ActiveCfg = Debug|Any CPU
		{0902FC39-A623-4525-A4AE-1AC7437F1B87}.Debug|Any CPU.Build.0 = Debug|Any CPU
		{0902FC39-A623-4525-A4AE-1AC7437F1B87}.Release|Any CPU.ActiveCfg = Release|Any CPU
		{0902FC39-A623-4525-A4AE-1AC7437F1B87}.Release|Any CPU.Build.0 = Release|Any CPU
		{A43748F0-989F-47AB-99A6-2C048215A530}.Debug|Any CPU.ActiveCfg = Debug|Any CPU
		{A43748F0-989F-47AB-99A6-2C048215A530}.Debug|Any CPU.Build.0 = Debug|Any CPU
		{A43748F0-989F-47AB-99A6-2C048215A530}.Release|Any CPU.ActiveCfg = Release|Any CPU
		{A43748F0-989F-47AB-99A6-2C048215A530}.Release|Any CPU.Build.0 = Release|Any CPU
		{7FD8A381-CB47-40F5-8FCE-1804D71E3BF7}.Debug|Any CPU.ActiveCfg = Debug|Any CPU
		{7FD8A381-CB47-40F5-8FCE-1804D71E3BF7}.Debug|Any CPU.Build.0 = Debug|Any CPU
		{7FD8A381-CB47-40F5-8FCE-1804D71E3BF7}.Release|Any CPU.ActiveCfg = Release|Any CPU
		{7FD8A381-CB47-40F5-8FCE-1804D71E3BF7}.Release|Any CPU.Build.0 = Release|Any CPU
		{388C629F-3272-4425-8CA3-22967C1D8963}.Debug|Any CPU.ActiveCfg = Debug|Any CPU
		{388C629F-3272-4425-8CA3-22967C1D8963}.Debug|Any CPU.Build.0 = Debug|Any CPU
		{388C629F-3272-4425-8CA3-22967C1D8963}.Release|Any CPU.ActiveCfg = Release|Any CPU
		{388C629F-3272-4425-8CA3-22967C1D8963}.Release|Any CPU.Build.0 = Release|Any CPU
		{47132288-12BA-4006-A1E0-41237CFF51C6}.Debug|Any CPU.ActiveCfg = Debug|Any CPU
		{47132288-12BA-4006-A1E0-41237CFF51C6}.Debug|Any CPU.Build.0 = Debug|Any CPU
		{47132288-12BA-4006-A1E0-41237CFF51C6}.Release|Any CPU.ActiveCfg = Release|Any CPU
		{47132288-12BA-4006-A1E0-41237CFF51C6}.Release|Any CPU.Build.0 = Release|Any CPU
		{4887E3EF-6F00-4FCF-A6B0-B1C2CD3DC78C}.Debug|Any CPU.ActiveCfg = Debug|Any CPU
		{4887E3EF-6F00-4FCF-A6B0-B1C2CD3DC78C}.Debug|Any CPU.Build.0 = Debug|Any CPU
		{4887E3EF-6F00-4FCF-A6B0-B1C2CD3DC78C}.Release|Any CPU.ActiveCfg = Release|Any CPU
		{4887E3EF-6F00-4FCF-A6B0-B1C2CD3DC78C}.Release|Any CPU.Build.0 = Release|Any CPU
	EndGlobalSection
	GlobalSection(SolutionProperties) = preSolution
		HideSolutionNode = FALSE
	EndGlobalSection
EndGlobal
